
Microsoft Visual Studio Solution File, Format Version 12.00
# Visual Studio 15
VisualStudioVersion = 15.0.28010.2036
MinimumVisualStudioVersion = 10.0.40219.1
Project("{FAE04EC0-301F-11D3-BF4B-00C04F79EFBC}") = "Login1", "Login1\Login1.csproj", "{F7F04DA8-336F-44B7-BFE9-9BAADF491D0F}"
EndProject
Global
	GlobalSection(SolutionConfigurationPlatforms) = preSolution
		Debug|Any CPU = Debug|Any CPU
		Release|Any CPU = Release|Any CPU
	EndGlobalSection
	GlobalSection(ProjectConfigurationPlatforms) = postSolution
		{F7F04DA8-336F-44B7-BFE9-9BAADF491D0F}.Debug|Any CPU.ActiveCfg = Debug|Any CPU
		{F7F04DA8-336F-44B7-BFE9-9BAADF491D0F}.Debug|Any CPU.Build.0 = Debug|Any CPU
		{F7F04DA8-336F-44B7-BFE9-9BAADF491D0F}.Release|Any CPU.ActiveCfg = Release|Any CPU
		{F7F04DA8-336F-44B7-BFE9-9BAADF491D0F}.Release|Any CPU.Build.0 = Release|Any CPU
	EndGlobalSection
	GlobalSection(SolutionProperties) = preSolution
		HideSolutionNode = FALSE
	EndGlobalSection
	GlobalSection(ExtensibilityGlobals) = postSolution
		SolutionGuid = {DEDBB454-BF46-4C4D-AD47-D185C60DD4E7}
	EndGlobalSection
EndGlobal
